
Microsoft Visual Studio Solution File, Format Version 12.00
# Visual Studio Version 17
VisualStudioVersion = 17.1.32328.378
MinimumVisualStudioVersion = 10.0.40219.1
Project("{9A19103F-16F7-4668-BE54-9A1E7A4F7556}") = "Musika", "Musika\Musika.csproj", "{68230339-E21D-42B0-8541-8A1E4BA58328}"
EndProject
Global
	GlobalSection(SolutionConfigurationPlatforms) = preSolution
		Debug|Any CPU = Debug|Any CPU
		Release|Any CPU = Release|Any CPU
	EndGlobalSection
	GlobalSection(ProjectConfigurationPlatforms) = postSolution
		{68230339-E21D-42B0-8541-8A1E4BA58328}.Debug|Any CPU.ActiveCfg = Debug|Any CPU
		{68230339-E21D-42B0-8541-8A1E4BA58328}.Debug|Any CPU.Build.0 = Debug|Any CPU
		{68230339-E21D-42B0-8541-8A1E4BA58328}.Release|Any CPU.ActiveCfg = Release|Any CPU
		{68230339-E21D-42B0-8541-8A1E4BA58328}.Release|Any CPU.Build.0 = Release|Any CPU
	EndGlobalSection
	GlobalSection(SolutionProperties) = preSolution
		HideSolutionNode = FALSE
	EndGlobalSection
	GlobalSection(ExtensibilityGlobals) = postSolution
		SolutionGuid = {3DDA92D3-12AB-47FE-8FB3-3A286A80A35E}
	EndGlobalSection
EndGlobal
